
Microsoft Visual Studio Solution File, Format Version 12.00
# Visual Studio Version 17
VisualStudioVersion = 17.10.35027.167
MinimumVisualStudioVersion = 10.0.40219.1
Project("{9A19103F-16F7-4668-BE54-9A1E7A4F7556}") = "TransactionSystem", "WebApplication1\TransactionSystem.csproj", "{B600F022-AAAA-4893-B0CA-C2E5EB4F5AAE}"
EndProject
Global
	GlobalSection(SolutionConfigurationPlatforms) = preSolution
		Debug|Any CPU = Debug|Any CPU
		Release|Any CPU = Release|Any CPU
	EndGlobalSection
	GlobalSection(ProjectConfigurationPlatforms) = postSolution
		{B600F022-AAAA-4893-B0CA-C2E5EB4F5AAE}.Debug|Any CPU.ActiveCfg = Debug|Any CPU
		{B600F022-AAAA-4893-B0CA-C2E5EB4F5AAE}.Debug|Any CPU.Build.0 = Debug|Any CPU
		{B600F022-AAAA-4893-B0CA-C2E5EB4F5AAE}.Release|Any CPU.ActiveCfg = Release|Any CPU
		{B600F022-AAAA-4893-B0CA-C2E5EB4F5AAE}.Release|Any CPU.Build.0 = Release|Any CPU
	EndGlobalSection
	GlobalSection(SolutionProperties) = preSolution
		HideSolutionNode = FALSE
	EndGlobalSection
	GlobalSection(ExtensibilityGlobals) = postSolution
		SolutionGuid = {1A911DAC-F150-4457-AA13-DD875579C128}
	EndGlobalSection
EndGlobal
